// !$*UTF8*$!
{
	archiveVersion = 1;
	classes = {
	};
	objectVersion = 46;
	objects = {

/* Begin PBXBuildFile section */
		532BB4FE1AD7801600C2326D /* AppDelegate.swift in Sources */ = {isa = PBXBuildFile; fileRef = 532BB4FD1AD7801600C2326D /* AppDelegate.swift */; };
		532BB5001AD7801600C2326D /* ViewController.swift in Sources */ = {isa = PBXBuildFile; fileRef = 532BB4FF1AD7801600C2326D /* ViewController.swift */; };
		532BB5031AD7801600C2326D /* Main.storyboard in Resources */ = {isa = PBXBuildFile; fileRef = 532BB5011AD7801600C2326D /* Main.storyboard */; };
		532BB5051AD7801600C2326D /* Images.xcassets in Resources */ = {isa = PBXBuildFile; fileRef = 532BB5041AD7801600C2326D /* Images.xcassets */; };
		532BB5081AD7801600C2326D /* LaunchScreen.xib in Resources */ = {isa = PBXBuildFile; fileRef = 532BB5061AD7801600C2326D /* LaunchScreen.xib */; };
		532BB5141AD7801600C2326D /* AudiotileTests.swift in Sources */ = {isa = PBXBuildFile; fileRef = 532BB5131AD7801600C2326D /* AudiotileTests.swift */; };
/* End PBXBuildFile section */

/* Begin PBXContainerItemProxy section */
		532BB50E1AD7801600C2326D /* PBXContainerItemProxy */ = {
			isa = PBXContainerItemProxy;
			containerPortal = 532BB4F01AD7801600C2326D /* Project object */;
			proxyType = 1;
			remoteGlobalIDString = 532BB4F71AD7801600C2326D;
			remoteInfo = Audiotile;
		};
/* End PBXContainerItemProxy section */

/* Begin PBXFileReference section */
		532BB4F81AD7801600C2326D /* Audiotile.app */ = {isa = PBXFileReference; explicitFileType = wrapper.application; includeInIndex = 0; path = Audiotile.app; sourceTree = BUILT_PRODUCTS_DIR; };
		532BB4FC1AD7801600C2326D /* Info.plist */ = {isa = PBXFileReference; lastKnownFileType = text.plist.xml; path = Info.plist; sourceTree = "<group>"; };
		532BB4FD1AD7801600C2326D /* AppDelegate.swift */ = {isa = PBXFileReference; lastKnownFileType = sourcecode.swift; path = AppDelegate.swift; sourceTree = "<group>"; };
		532BB4FF1AD7801600C2326D /* ViewController.swift */ = {isa = PBXFileReference; lastKnownFileType = sourcecode.swift; path = ViewController.swift; sourceTree = "<group>"; };
		532BB5021AD7801600C2326D /* Base */ = {isa = PBXFileReference; lastKnownFileType = file.storyboard; name = Base; path = Base.lproj/Main.storyboard; sourceTree = "<group>"; };
		532BB5041AD7801600C2326D /* Images.xcassets */ = {isa = PBXFileReference; lastKnownFileType = folder.assetcatalog; path = Images.xcassets; sourceTree = "<group>"; };
		532BB5071AD7801600C2326D /* Base */ = {isa = PBXFileReference; lastKnownFileType = file.xib; name = Base; path = Base.lproj/LaunchScreen.xib; sourceTree = "<group>"; };
		532BB50D1AD7801600C2326D /* AudiotileTests.xctest */ = {isa = PBXFileReference; explicitFileType = wrapper.cfbundle; includeInIndex = 0; path = AudiotileTests.xctest; sourceTree = BUILT_PRODUCTS_DIR; };
		532BB5121AD7801600C2326D /* Info.plist */ = {isa = PBXFileReference; lastKnownFileType = text.plist.xml; path = Info.plist; sourceTree = "<group>"; };
		532BB5131AD7801600C2326D /* AudiotileTests.swift */ = {isa = PBXFileReference; lastKnownFileType = sourcecode.swift; path = AudiotileTests.swift; sourceTree = "<group>"; };
/* End PBXFileReference section */

/* Begin PBXFrameworksBuildPhase section */
		532BB4F51AD7801600C2326D /* Frameworks */ = {
			isa = PBXFrameworksBuildPhase;
			buildActionMask = 2147483647;
			files = (
			);
			runOnlyForDeploymentPostprocessing = 0;
		};
		532BB50A1AD7801600C2326D /* Frameworks */ = {
			isa = PBXFrameworksBuildPhase;
			buildActionMask = 2147483647;
			files = (
			);
			runOnlyForDeploymentPostprocessing = 0;
		};
/* End PBXFrameworksBuildPhase section */

/* Begin PBXGroup section */
		532BB4EF1AD7801600C2326D = {
			isa = PBXGroup;
			children = (
				532BB4FA1AD7801600C2326D /* Audiotile */,
				532BB5101AD7801600C2326D /* AudiotileTests */,
				532BB4F91AD7801600C2326D /* Products */,
			);
			sourceTree = "<group>";
		};
		532BB4F91AD7801600C2326D /* Products */ = {
			isa = PBXGroup;
			children = (
				532BB4F81AD7801600C2326D /* Audiotile.app */,
				532BB50D1AD7801600C2326D /* AudiotileTests.xctest */,
			);
			name = Products;
			sourceTree = "<group>";
		};
		532BB4FA1AD7801600C2326D /* Audiotile */ = {
			isa = PBXGroup;
			children = (
				532BB4FD1AD7801600C2326D /* AppDelegate.swift */,
				532BB4FF1AD7801600C2326D /* ViewController.swift */,
				532BB5011AD7801600C2326D /* Main.storyboard */,
				532BB5041AD7801600C2326D /* Images.xcassets */,
				532BB5061AD7801600C2326D /* LaunchScreen.xib */,
				532BB4FB1AD7801600C2326D /* Supporting Files */,
			);
			path = Audiotile;
			sourceTree = "<group>";
		};
		532BB4FB1AD7801600C2326D /* Supporting Files */ = {
			isa = PBXGroup;
			children = (
				532BB4FC1AD7801600C2326D /* Info.plist */,
			);
			name = "Supporting Files";
			sourceTree = "<group>";
		};
		532BB5101AD7801600C2326D /* AudiotileTests */ = {
			isa = PBXGroup;
			children = (
				532BB5131AD7801600C2326D /* AudiotileTests.swift */,
				532BB5111AD7801600C2326D /* Supporting Files */,
			);
			path = AudiotileTests;
			sourceTree = "<group>";
		};
		532BB5111AD7801600C2326D /* Supporting Files */ = {
			isa = PBXGroup;
			children = (
				532BB5121AD7801600C2326D /* Info.plist */,
			);
			name = "Supporting Files";
			sourceTree = "<group>";
		};
/* End PBXGroup section */

/* Begin PBXNativeTarget section */
		532BB4F71AD7801600C2326D /* Audiotile */ = {
			isa = PBXNativeTarget;
			buildConfigurationList = 532BB5171AD7801600C2326D /* Build configuration list for PBXNativeTarget "Audiotile" */;
			buildPhases = (
				532BB4F41AD7801600C2326D /* Sources */,
				532BB4F51AD7801600C2326D /* Frameworks */,
				532BB4F61AD7801600C2326D /* Resources */,
			);
			buildRules = (
			);
			dependencies = (
			);
			name = Audiotile;
			productName = Audiotile;
			productReference = 532BB4F81AD7801600C2326D /* Audiotile.app */;
			productType = "com.apple.product-type.application";
		};
		532BB50C1AD7801600C2326D /* AudiotileTests */ = {
			isa = PBXNativeTarget;
			buildConfigurationList = 532BB51A1AD7801600C2326D /* Build configuration list for PBXNativeTarget "AudiotileTests" */;
			buildPhases = (
				532BB5091AD7801600C2326D /* Sources */,
				532BB50A1AD7801600C2326D /* Frameworks */,
				532BB50B1AD7801600C2326D /* Resources */,
			);
			buildRules = (
			);
			dependencies = (
				532BB50F1AD7801600C2326D /* PBXTargetDependency */,
			);
			name = AudiotileTests;
			productName = AudiotileTests;
			productReference = 532BB50D1AD7801600C2326D /* AudiotileTests.xctest */;
			productType = "com.apple.product-type.bundle.unit-test";
		};
/* End PBXNativeTarget section */

/* Begin PBXProject section */
		532BB4F01AD7801600C2326D /* Project object */ = {
			isa = PBXProject;
			attributes = {
				LastSwiftUpdateCheck = 0720;
				LastUpgradeCheck = 0720;
				ORGANIZATIONNAME = Keiwes;
				TargetAttributes = {
					532BB4F71AD7801600C2326D = {
						CreatedOnToolsVersion = 6.3;
					};
					532BB50C1AD7801600C2326D = {
						CreatedOnToolsVersion = 6.3;
						TestTargetID = 532BB4F71AD7801600C2326D;
					};
				};
			};
			buildConfigurationList = 532BB4F31AD7801600C2326D /* Build configuration list for PBXProject "Audiotile" */;
			compatibilityVersion = "Xcode 3.2";
			developmentRegion = English;
			hasScannedForEncodings = 0;
			knownRegions = (
				en,
				Base,
			);
			mainGroup = 532BB4EF1AD7801600C2326D;
			productRefGroup = 532BB4F91AD7801600C2326D /* Products */;
			projectDirPath = "";
			projectRoot = "";
			targets = (
				532BB4F71AD7801600C2326D /* Audiotile */,
				532BB50C1AD7801600C2326D /* AudiotileTests */,
			);
		};
/* End PBXProject section */

/* Begin PBXResourcesBuildPhase section */
		532BB4F61AD7801600C2326D /* Resources */ = {
			isa = PBXResourcesBuildPhase;
			buildActionMask = 2147483647;
			files = (
				532BB5031AD7801600C2326D /* Main.storyboard in Resources */,
				532BB5081AD7801600C2326D /* LaunchScreen.xib in Resources */,
				532BB5051AD7801600C2326D /* Images.xcassets in Resources */,
			);
			runOnlyForDeploymentPostprocessing = 0;
		};
		532BB50B1AD7801600C2326D /* Resources */ = {
			isa = PBXResourcesBuildPhase;
			buildActionMask = 2147483647;
			files = (
			);
			runOnlyForDeploymentPostprocessing = 0;
		};
/* End PBXResourcesBuildPhase section */

/* Begin PBXSourcesBuildPhase section */
		532BB4F41AD7801600C2326D /* Sources */ = {
			isa = PBXSourcesBuildPhase;
			buildActionMask = 2147483647;
			files = (
				532BB5001AD7801600C2326D /* ViewController.swift in Sources */,
				532BB4FE1AD7801600C2326D /* AppDelegate.swift in Sources */,
			);
			runOnlyForDeploymentPostprocessing = 0;
		};
		532BB5091AD7801600C2326D /* Sources */ = {
			isa = PBXSourcesBuildPhase;
			buildActionMask = 2147483647;
			files = (
				532BB5141AD7801600C2326D /* AudiotileTests.swift in Sources */,
			);
			runOnlyForDeploymentPostprocessing = 0;
		};
/* End PBXSourcesBuildPhase section */

/* Begin PBXTargetDependency section */
		532BB50F1AD7801600C2326D /* PBXTargetDependency */ = {
			isa = PBXTargetDependency;
			target = 532BB4F71AD7801600C2326D /* Audiotile */;
			targetProxy = 532BB50E1AD7801600C2326D /* PBXContainerItemProxy */;
		};
/* End PBXTargetDependency section */

/* Begin PBXVariantGroup section */
		532BB5011AD7801600C2326D /* Main.storyboard */ = {
			isa = PBXVariantGroup;
			children = (
				532BB5021AD7801600C2326D /* Base */,
			);
			name = Main.storyboard;
			sourceTree = "<group>";
		};
		532BB5061AD7801600C2326D /* LaunchScreen.xib */ = {
			isa = PBXVariantGroup;
			children = (
				532BB5071AD7801600C2326D /* Base */,
			);
			name = LaunchScreen.xib;
			sourceTree = "<group>";
		};
/* End PBXVariantGroup section */

/* Begin XCBuildConfiguration section */
		532BB5151AD7801600C2326D /* Debug */ = {
			isa = XCBuildConfiguration;
			buildSettings = {
				ALWAYS_SEARCH_USER_PATHS = NO;
				CLANG_CXX_LANGUAGE_STANDARD = "gnu++0x";
				CLANG_CXX_LIBRARY = "libc++";
				CLANG_ENABLE_MODULES = YES;
				CLANG_ENABLE_OBJC_ARC = YES;
				CLANG_WARN_BOOL_CONVERSION = YES;
				CLANG_WARN_CONSTANT_CONVERSION = YES;
				CLANG_WARN_DIRECT_OBJC_ISA_USAGE = YES_ERROR;
				CLANG_WARN_EMPTY_BODY = YES;
				CLANG_WARN_ENUM_CONVERSION = YES;
				CLANG_WARN_INT_CONVERSION = YES;
				CLANG_WARN_OBJC_ROOT_CLASS = YES_ERROR;
				CLANG_WARN_UNREACHABLE_CODE = YES;
				CLANG_WARN__DUPLICATE_METHOD_MATCH = YES;
				"CODE_SIGN_IDENTITY[sdk=iphoneos*]" = "iPhone Developer";
				COPY_PHASE_STRIP = NO;
				DEBUG_INFORMATION_FORMAT = "dwarf-with-dsym";
				ENABLE_STRICT_OBJC_MSGSEND = YES;
				ENABLE_TESTABILITY = YES;
				GCC_C_LANGUAGE_STANDARD = gnu99;
				GCC_DYNAMIC_NO_PIC = NO;
				GCC_NO_COMMON_BLOCKS = YES;
				GCC_OPTIMIZATION_LEVEL = 0;
				GCC_PREPROCESSOR_DEFINITIONS = (
					"DEBUG=1",
					"$(inherited)",
				);
				GCC_SYMBOLS_PRIVATE_EXTERN = NO;
				GCC_WARN_64_TO_32_BIT_CONVERSION = YES;
				GCC_WARN_ABOUT_RETURN_TYPE = YES_ERROR;
				GCC_WARN_UNDECLARED_SELECTOR = YES;
				GCC_WARN_UNINITIALIZED_AUTOS = YES_AGGRESSIVE;
				GCC_WARN_UNUSED_FUNCTION = YES;
				GCC_WARN_UNUSED_VARIABLE = YES;
				IPHONEOS_DEPLOYMENT_TARGET = 8.3;
				MTL_ENABLE_DEBUG_INFO = YES;
				ONLY_ACTIVE_ARCH = YES;
				SDKROOT = iphoneos;
				SWIFT_OPTIMIZATION_LEVEL = "-Onone";
				TARGETED_DEVICE_FAMILY = "1,2";
			};
			name = Debug;
		};
		532BB5161AD7801600C2326D /* Release */ = {
			isa = XCBuildConfiguration;
			buildSettings = {
				ALWAYS_SEARCH_USER_PATHS = NO;
				CLANG_CXX_LANGUAGE_STANDARD = "gnu++0x";
				CLANG_CXX_LIBRARY = "libc++";
				CLANG_ENABLE_MODULES = YES;
				CLANG_ENABLE_OBJC_ARC = YES;
				CLANG_WARN_BOOL_CONVERSION = YES;
				CLANG_WARN_CONSTANT_CONVERSION = YES;
				CLANG_WARN_DIRECT_OBJC_ISA_USAGE = YES_ERROR;
				CLANG_WARN_EMPTY_BODY = YES;
				CLANG_WARN_ENUM_CONVERSION = YES;
				CLANG_WARN_INT_CONVERSION = YES;
				CLANG_WARN_OBJC_ROOT_CLASS = YES_ERROR;
				CLANG_WARN_UNREACHABLE_CODE = YES;
				CLANG_WARN__DUPLICATE_METHOD_MATCH = YES;
				"CODE_SIGN_IDENTITY[sdk=iphoneos*]" = "iPhone Developer";
				COPY_PHASE_STRIP = NO;
				DEBUG_INFORMATION_FORMAT = "dwarf-with-dsym";
				ENABLE_NS_ASSERTIONS = NO;
				ENABLE_STRICT_OBJC_MSGSEND = YES;
				GCC_C_LANGUAGE_STANDARD = gnu99;
				GCC_NO_COMMON_BLOCKS = YES;
				GCC_WARN_64_TO_32_BIT_CONVERSION = YES;
				GCC_WARN_ABOUT_RETURN_TYPE = YES_ERROR;
				GCC_WARN_UNDECLARED_SELECTOR = YES;
				GCC_WARN_UNINITIALIZED_AUTOS = YES_AGGRESSIVE;
				GCC_WARN_UNUSED_FUNCTION = YES;
				GCC_WARN_UNUSED_VARIABLE = YES;
				IPHONEOS_DEPLOYMENT_TARGET = 8.3;
				MTL_ENABLE_DEBUG_INFO = NO;
				SDKROOT = iphoneos;
				TARGETED_DEVICE_FAMILY = "1,2";
				VALIDATE_PRODUCT = YES;
			};
			name = Release;
		};
		532BB5181AD7801600C2326D /* Debug */ = {
			isa = XCBuildConfiguration;
			buildSettings = {
				ASSETCATALOG_COMPILER_APPICON_NAME = AppIcon;
				INFOPLIST_FILE = Audiotile/Info.plist;
				IPHONEOS_DEPLOYMENT_TARGET = 8.3;
				LD_RUNPATH_SEARCH_PATHS = "$(inherited) @executable_path/Frameworks";
				PRODUCT_BUNDLE_IDENTIFIER = "com.keiwes.$(PRODUCT_NAME:rfc1034identifier)";
				PRODUCT_NAME = "$(TARGET_NAME)";
				TARGETED_DEVICE_FAMILY = "1,2";
			};
			name = Debug;
		};
		532BB5191AD7801600C2326D /* Release */ = {
			isa = XCBuildConfiguration;
			buildSettings = {
				ASSETCATALOG_COMPILER_APPICON_NAME = AppIcon;
				INFOPLIST_FILE = Audiotile/Info.plist;
				IPHONEOS_DEPLOYMENT_TARGET = 8.3;
				LD_RUNPATH_SEARCH_PATHS = "$(inherited) @executable_path/Frameworks";
				PRODUCT_BUNDLE_IDENTIFIER = "com.keiwes.$(PRODUCT_NAME:rfc1034identifier)";
				PRODUCT_NAME = "$(TARGET_NAME)";
				TARGETED_DEVICE_FAMILY = "1,2";
			};
			name = Release;
		};
		532BB51B1AD7801600C2326D /* Debug */ = {
			isa = XCBuildConfiguration;
			buildSettings = {
				BUNDLE_LOADER = "$(TEST_HOST)";
				FRAMEWORK_SEARCH_PATHS = (
					"$(SDKROOT)/Developer/Library/Frameworks",
					"$(inherited)",
				);
				GCC_PREPROCESSOR_DEFINITIONS = (
					"DEBUG=1",
					"$(inherited)",
				);
				INFOPLIST_FILE = AudiotileTests/Info.plist;
				LD_RUNPATH_SEARCH_PATHS = "$(inherited) @executable_path/Frameworks @loader_path/Frameworks";
				PRODUCT_BUNDLE_IDENTIFIER = "com.keiwes.$(PRODUCT_NAME:rfc1034identifier)";
				PRODUCT_NAME = "$(TARGET_NAME)";
				TEST_HOST = "$(BUILT_PRODUCTS_DIR)/Audiotile.app/Audiotile";
			};
			name = Debug;
		};
		532BB51C1AD7801600C2326D /* Release */ = {
			isa = XCBuildConfiguration;
			buildSettings = {
				BUNDLE_LOADER = "$(TEST_HOST)";
				FRAMEWORK_SEARCH_PATHS = (
					"$(SDKROOT)/Developer/Library/Frameworks",
					"$(inherited)",
				);
				INFOPLIST_FILE = AudiotileTests/Info.plist;
				LD_RUNPATH_SEARCH_PATHS = "$(inherited) @executable_path/Frameworks @loader_path/Frameworks";
				PRODUCT_BUNDLE_IDENTIFIER = "com.keiwes.$(PRODUCT_NAME:rfc1034identifier)";
				PRODUCT_NAME = "$(TARGET_NAME)";
				TEST_HOST = "$(BUILT_PRODUCTS_DIR)/Audiotile.app/Audiotile";
			};
			name = Release;
		};
/* End XCBuildConfiguration section */

/* Begin XCConfigurationList section */
		532BB4F31AD7801600C2326D /* Build configuration list for PBXProject "Audiotile" */ = {
			isa = XCConfigurationList;
			buildConfigurations = (
				532BB5151AD7801600C2326D /* Debug */,
				532BB5161AD7801600C2326D /* Release */,
			);
			defaultConfigurationIsVisible = 0;
			defaultConfigurationName = Release;
		};
		532BB5171AD7801600C2326D /* Build configuration list for PBXNativeTarget "Audiotile" */ = {
			isa = XCConfigurationList;
			buildConfigurations = (
				532BB5181AD7801600C2326D /* Debug */,
				532BB5191AD7801600C2326D /* Release */,
			);
			defaultConfigurationIsVisible = 0;
			defaultConfigurationName = Release;
		};
		532BB51A1AD7801600C2326D /* Build configuration list for PBXNativeTarget "AudiotileTests" */ = {
			isa = XCConfigurationList;
			buildConfigurations = (
				532BB51B1AD7801600C2326D /* Debug */,
				532BB51C1AD7801600C2326D /* Release */,
			);
			defaultConfigurationIsVisible = 0;
			defaultConfigurationName = Release;
		};
/* End XCConfigurationList section */
	};
	rootObject = 532BB4F01AD7801600C2326D /* Project object */;
}
